
Microsoft Visual Studio Solution File, Format Version 12.00
# Visual Studio 15
VisualStudioVersion = 15.0.26124.0
MinimumVisualStudioVersion = 15.0.26124.0
Project("{FAE04EC0-301F-11D3-BF4B-00C04F79EFBC}") = "TrainingNet", "src\TrainingNet.csproj", "{EA149743-0041-4244-B6B8-36937AC23617}"
EndProject
Project("{FAE04EC0-301F-11D3-BF4B-00C04F79EFBC}") = "TrainingTests", "tests\TrainingTests.csproj", "{94893E5C-8386-481A-955B-5D1CC29143F0}"
EndProject
Global
	GlobalSection(SolutionConfigurationPlatforms) = preSolution
		Debug|Any CPU = Debug|Any CPU
		Debug|x64 = Debug|x64
		Debug|x86 = Debug|x86
		Release|Any CPU = Release|Any CPU
		Release|x64 = Release|x64
		Release|x86 = Release|x86
	EndGlobalSection
	GlobalSection(SolutionProperties) = preSolution
		HideSolutionNode = FALSE
	EndGlobalSection
	GlobalSection(ProjectConfigurationPlatforms) = postSolution
		{EA149743-0041-4244-B6B8-36937AC23617}.Debug|Any CPU.ActiveCfg = Debug|Any CPU
		{EA149743-0041-4244-B6B8-36937AC23617}.Debug|Any CPU.Build.0 = Debug|Any CPU
		{EA149743-0041-4244-B6B8-36937AC23617}.Debug|x64.ActiveCfg = Debug|Any CPU
		{EA149743-0041-4244-B6B8-36937AC23617}.Debug|x64.Build.0 = Debug|Any CPU
		{EA149743-0041-4244-B6B8-36937AC23617}.Debug|x86.ActiveCfg = Debug|Any CPU
		{EA149743-0041-4244-B6B8-36937AC23617}.Debug|x86.Build.0 = Debug|Any CPU
		{EA149743-0041-4244-B6B8-36937AC23617}.Release|Any CPU.ActiveCfg = Release|Any CPU
		{EA149743-0041-4244-B6B8-36937AC23617}.Release|Any CPU.Build.0 = Release|Any CPU
		{EA149743-0041-4244-B6B8-36937AC23617}.Release|x64.ActiveCfg = Release|Any CPU
		{EA149743-0041-4244-B6B8-36937AC23617}.Release|x64.Build.0 = Release|Any CPU
		{EA149743-0041-4244-B6B8-36937AC23617}.Release|x86.ActiveCfg = Release|Any CPU
		{EA149743-0041-4244-B6B8-36937AC23617}.Release|x86.Build.0 = Release|Any CPU
		{94893E5C-8386-481A-955B-5D1CC29143F0}.Debug|Any CPU.ActiveCfg = Debug|Any CPU
		{94893E5C-8386-481A-955B-5D1CC29143F0}.Debug|Any CPU.Build.0 = Debug|Any CPU
		{94893E5C-8386-481A-955B-5D1CC29143F0}.Debug|x64.ActiveCfg = Debug|Any CPU
		{94893E5C-8386-481A-955B-5D1CC29143F0}.Debug|x64.Build.0 = Debug|Any CPU
		{94893E5C-8386-481A-955B-5D1CC29143F0}.Debug|x86.ActiveCfg = Debug|Any CPU
		{94893E5C-8386-481A-955B-5D1CC29143F0}.Debug|x86.Build.0 = Debug|Any CPU
		{94893E5C-8386-481A-955B-5D1CC29143F0}.Release|Any CPU.ActiveCfg = Release|Any CPU
		{94893E5C-8386-481A-955B-5D1CC29143F0}.Release|Any CPU.Build.0 = Release|Any CPU
		{94893E5C-8386-481A-955B-5D1CC29143F0}.Release|x64.ActiveCfg = Release|Any CPU
		{94893E5C-8386-481A-955B-5D1CC29143F0}.Release|x64.Build.0 = Release|Any CPU
		{94893E5C-8386-481A-955B-5D1CC29143F0}.Release|x86.ActiveCfg = Release|Any CPU
		{94893E5C-8386-481A-955B-5D1CC29143F0}.Release|x86.Build.0 = Release|Any CPU
	EndGlobalSection
EndGlobal
